# This file is automatically @generated by Poetry 1.8.4 and should not be changed by hand.

[[package]]
name = "colorama"
version = "0.4.6"
description = "Cross-platform colored terminal text."
optional = false
python-versions = "!=3.0.*,!=3.1.*,!=3.2.*,!=3.3.*,!=3.4.*,!=3.5.*,!=3.6.*,>=2.7"
files = [
    {file = "colorama-0.4.6-py2.py3-none-any.whl", hash = "sha256:4f1d9991f5acc0ca119f9d443620b77f9d6b33703e51011c16baf57afb285fc6"},
    {file = "colorama-0.4.6.tar.gz", hash = "sha256:08695f5cb7ed6e0531a20572697297273c47b8cae5a63ffc6d6ed5c201be6e44"},
]

[[package]]
name = "loguru"
version = "0.7.2"
description = "Python logging made (stupidly) simple"
optional = false
python-versions = ">=3.5"
files = [
    {file = "loguru-0.7.2-py3-none-any.whl", hash = "sha256:003d71e3d3ed35f0f8984898359d65b79e5b21943f78af86aa5491210429b8eb"},
    {file = "loguru-0.7.2.tar.gz", hash = "sha256:e671a53522515f34fd406340ee968cb9ecafbc4b36c679da03c18fd8d0bd51ac"},
]

[package.dependencies]
colorama = {version = ">=0.3.4", markers = "sys_platform == \"win32\""}
win32-setctime = {version = ">=1.0.0", markers = "sys_platform == \"win32\""}

[package.extras]
dev = ["Sphinx (==7.2.5)", "colorama (==0.4.5)", "colorama (==0.4.6)", "exceptiongroup (==1.1.3)", "freezegun (==1.1.0)", "freezegun (==1.2.2)", "mypy (==v0.910)", "mypy (==v0.971)", "mypy (==v1.4.1)", "mypy (==v1.5.1)", "pre-commit (==3.4.0)", "pytest (==6.1.2)", "pytest (==7.4.0)", "pytest-cov (==2.12.1)", "pytest-cov (==4.1.0)", "pytest-mypy-plugins (==1.9.3)", "pytest-mypy-plugins (==3.0.0)", "sphinx-autobuild (==2021.3.14)", "sphinx-rtd-theme (==1.3.0)", "tox (==3.27.1)", "tox (==4.11.0)"]

[[package]]
name = "nats-py"
version = "2.9.0"
description = "NATS client for Python"
optional = false
python-versions = ">=3.7"
files = [
    {file = "nats_py-2.9.0.tar.gz", hash = "sha256:01886eb9e0a87f0ec630652cf1fae65d2a8556378a609bc6cc07d2ea60c8d0dd"},
]

[package.extras]
aiohttp = ["aiohttp"]
fast-parse = ["fast-mail-parser"]
nkeys = ["nkeys"]

[[package]]
name = "orjson"
version = "3.10.10"
description = "Fast, correct Python JSON library supporting dataclasses, datetimes, and numpy"
optional = false
python-versions = ">=3.8"
files = [
    {file = "orjson-3.10.10-cp310-cp310-macosx_10_15_x86_64.macosx_11_0_arm64.macosx_10_15_universal2.whl", hash = "sha256:b788a579b113acf1c57e0a68e558be71d5d09aa67f62ca1f68e01117e550a998"},
    {file = "orjson-3.10.10-cp310-cp310-manylinux_2_17_aarch64.manylinux2014_aarch64.whl", hash = "sha256:804b18e2b88022c8905bb79bd2cbe59c0cd014b9328f43da8d3b28441995cda4"},
    {file = "orjson-3.10.10-cp310-cp310-manylinux_2_17_armv7l.manylinux2014_armv7l.whl", hash = "sha256:9972572a1d042ec9ee421b6da69f7cc823da5962237563fa548ab17f152f0b9b"},
    {file = "orjson-3.10.10-cp310-cp310-manylinux_2_17_ppc64le.manylinux2014_ppc64le.whl", hash = "sha256:dc6993ab1c2ae7dd0711161e303f1db69062955ac2668181bfdf2dd410e65258"},
    {file = "orjson-3.10.10-cp310-cp310-manylinux_2_17_s390x.manylinux2014_s390x.whl", hash = "sha256:d78e4cacced5781b01d9bc0f0cd8b70b906a0e109825cb41c1b03f9c41e4ce86"},
    {file = "orjson-3.10.10-cp310-cp310-manylinux_2_17_x86_64.manylinux2014_x86_64.whl", hash = "sha256:e6eb2598df518281ba0cbc30d24c5b06124ccf7e19169e883c14e0831217a0bc"},
    {file = "orjson-3.10.10-cp310-cp310-musllinux_1_2_aarch64.whl", hash = "sha256:23776265c5215ec532de6238a52707048401a568f0fa0d938008e92a147fe2c7"},
    {file = "orjson-3.10.10-cp310-cp310-musllinux_1_2_x86_64.whl", hash = "sha256:8cc2a654c08755cef90b468ff17c102e2def0edd62898b2486767204a7f5cc9c"},
    {file = "orjson-3.10.10-cp310-none-win32.whl", hash = "sha256:081b3fc6a86d72efeb67c13d0ea7c030017bd95f9868b1e329a376edc456153b"},
    {file = "orjson-3.10.10-cp310-none-win_amd64.whl", hash = "sha256:ff38c5fb749347768a603be1fb8a31856458af839f31f064c5aa74aca5be9efe"},
    {file = "orjson-3.10.10-cp311-cp311-macosx_10_15_x86_64.macosx_11_0_arm64.macosx_10_15_universal2.whl", hash = "sha256:879e99486c0fbb256266c7c6a67ff84f46035e4f8749ac6317cc83dacd7f993a"},
    {file = "orjson-3.10.10-cp311-cp311-manylinux_2_17_aarch64.manylinux2014_aarch64.whl", hash = "sha256:019481fa9ea5ff13b5d5d95e6fd5ab25ded0810c80b150c2c7b1cc8660b662a7"},
    {file = "orjson-3.10.10-cp311-cp311-manylinux_2_17_armv7l.manylinux2014_armv7l.whl", hash = "sha256:0dd57eff09894938b4c86d4b871a479260f9e156fa7f12f8cad4b39ea8028bb5"},
    {file = "orjson-3.10.10-cp311-cp311-manylinux_2_17_ppc64le.manylinux2014_ppc64le.whl", hash = "sha256:dbde6d70cd95ab4d11ea8ac5e738e30764e510fc54d777336eec09bb93b8576c"},
    {file = "orjson-3.10.10-cp311-cp311-manylinux_2_17_s390x.manylinux2014_s390x.whl", hash = "sha256:3b2625cb37b8fb42e2147404e5ff7ef08712099197a9cd38895006d7053e69d6"},
    {file = "orjson-3.10.10-cp311-cp311-manylinux_2_17_x86_64.manylinux2014_x86_64.whl", hash = "sha256:dbf3c20c6a7db69df58672a0d5815647ecf78c8e62a4d9bd284e8621c1fe5ccb"},
    {file = "orjson-3.10.10-cp311-cp311-musllinux_1_2_aarch64.whl", hash = "sha256:75c38f5647e02d423807d252ce4528bf6a95bd776af999cb1fb48867ed01d1f6"},
    {file = "orjson-3.10.10-cp311-cp311-musllinux_1_2_x86_64.whl", hash = "sha256:23458d31fa50ec18e0ec4b0b4343730928296b11111df5f547c75913714116b2"},
    {file = "orjson-3.10.10-cp311-none-win32.whl", hash = "sha256:2787cd9dedc591c989f3facd7e3e86508eafdc9536a26ec277699c0aa63c685b"},
    {file = "orjson-3.10.10-cp311-none-win_amd64.whl", hash = "sha256:6514449d2c202a75183f807bc755167713297c69f1db57a89a1ef4a0170ee269"},
    {file = "orjson-3.10.10-cp312-cp312-macosx_10_15_x86_64.macosx_11_0_arm64.macosx_10_15_universal2.whl", hash = "sha256:8564f48f3620861f5ef1e080ce7cd122ee89d7d6dacf25fcae675ff63b4d6e05"},
    {file = "orjson-3.10.10-cp312-cp312-manylinux_2_17_aarch64.manylinux2014_aarch64.whl", hash = "sha256:c5bf161a32b479034098c5b81f2608f09167ad2fa1c06abd4e527ea6bf4837a9"},
    {file = "orjson-3.10.10-cp312-cp312-manylinux_2_17_armv7l.manylinux2014_armv7l.whl", hash = "sha256:68b65c93617bcafa7f04b74ae8bc2cc214bd5cb45168a953256ff83015c6747d"},
    {file = "orjson-3.10.10-cp312-cp312-manylinux_2_17_ppc64le.manylinux2014_ppc64le.whl", hash = "sha256:e8e28406f97fc2ea0c6150f4c1b6e8261453318930b334abc419214c82314f85"},
    {file = "orjson-3.10.10-cp312-cp312-manylinux_2_17_s390x.manylinux2014_s390x.whl", hash = "sha256:e4d0d9fe174cc7a5bdce2e6c378bcdb4c49b2bf522a8f996aa586020e1b96cee"},
    {file = "orjson-3.10.10-cp312-cp312-manylinux_2_17_x86_64.manylinux2014_x86_64.whl", hash = "sha256:b3be81c42f1242cbed03cbb3973501fcaa2675a0af638f8be494eaf37143d999"},
    {file = "orjson-3.10.10-cp312-cp312-musllinux_1_2_aarch64.whl", hash = "sha256:65f9886d3bae65be026219c0a5f32dbbe91a9e6272f56d092ab22561ad0ea33b"},
    {file = "orjson-3.10.10-cp312-cp312-musllinux_1_2_x86_64.whl", hash = "sha256:730ed5350147db7beb23ddaf072f490329e90a1d059711d364b49fe352ec987b"},
    {file = "orjson-3.10.10-cp312-none-win32.whl", hash = "sha256:a8f4bf5f1c85bea2170800020d53a8877812892697f9c2de73d576c9307a8a5f"},
    {file = "orjson-3.10.10-cp312-none-win_amd64.whl", hash = "sha256:384cd13579a1b4cd689d218e329f459eb9ddc504fa48c5a83ef4889db7fd7a4f"},
    {file = "orjson-3.10.10-cp313-cp313-macosx_10_15_x86_64.macosx_11_0_arm64.macosx_10_15_universal2.whl", hash = "sha256:44bffae68c291f94ff5a9b4149fe9d1bdd4cd0ff0fb575bcea8351d48db629a1"},
    {file = "orjson-3.10.10-cp313-cp313-manylinux_2_17_aarch64.manylinux2014_aarch64.whl", hash = "sha256:e27b4c6437315df3024f0835887127dac2a0a3ff643500ec27088d2588fa5ae1"},
    {file = "orjson-3.10.10-cp313-cp313-manylinux_2_17_x86_64.manylinux2014_x86_64.whl", hash = "sha256:bca84df16d6b49325a4084fd8b2fe2229cb415e15c46c529f868c3387bb1339d"},
    {file = "orjson-3.10.10-cp313-cp313-musllinux_1_2_aarch64.whl", hash = "sha256:c14ce70e8f39bd71f9f80423801b5d10bf93d1dceffdecd04df0f64d2c69bc01"},
    {file = "orjson-3.10.10-cp313-cp313-musllinux_1_2_x86_64.whl", hash = "sha256:24ac62336da9bda1bd93c0491eff0613003b48d3cb5d01470842e7b52a40d5b4"},
    {file = "orjson-3.10.10-cp313-none-win32.whl", hash = "sha256:eb0a42831372ec2b05acc9ee45af77bcaccbd91257345f93780a8e654efc75db"},
    {file = "orjson-3.10.10-cp313-none-win_amd64.whl", hash = "sha256:f0c4f37f8bf3f1075c6cc8dd8a9f843689a4b618628f8812d0a71e6968b95ffd"},
    {file = "orjson-3.10.10-cp38-cp38-macosx_10_15_x86_64.macosx_11_0_arm64.macosx_10_15_universal2.whl", hash = "sha256:829700cc18503efc0cf502d630f612884258020d98a317679cd2054af0259568"},
    {file = "orjson-3.10.10-cp38-cp38-manylinux_2_17_aarch64.manylinux2014_aarch64.whl", hash = "sha256:e0ceb5e0e8c4f010ac787d29ae6299846935044686509e2f0f06ed441c1ca949"},
    {file = "orjson-3.10.10-cp38-cp38-manylinux_2_17_armv7l.manylinux2014_armv7l.whl", hash = "sha256:0c25908eb86968613216f3db4d3003f1c45d78eb9046b71056ca327ff92bdbd4"},
    {file = "orjson-3.10.10-cp38-cp38-manylinux_2_17_ppc64le.manylinux2014_ppc64le.whl", hash = "sha256:218cb0bc03340144b6328a9ff78f0932e642199ac184dd74b01ad691f42f93ff"},
    {file = "orjson-3.10.10-cp38-cp38-manylinux_2_17_s390x.manylinux2014_s390x.whl", hash = "sha256:e2277ec2cea3775640dc81ab5195bb5b2ada2fe0ea6eee4677474edc75ea6785"},
    {file = "orjson-3.10.10-cp38-cp38-manylinux_2_17_x86_64.manylinux2014_x86_64.whl", hash = "sha256:848ea3b55ab5ccc9d7bbd420d69432628b691fba3ca8ae3148c35156cbd282aa"},
    {file = "orjson-3.10.10-cp38-cp38-musllinux_1_2_aarch64.whl", hash = "sha256:e3e67b537ac0c835b25b5f7d40d83816abd2d3f4c0b0866ee981a045287a54f3"},
    {file = "orjson-3.10.10-cp38-cp38-musllinux_1_2_x86_64.whl", hash = "sha256:7948cfb909353fce2135dcdbe4521a5e7e1159484e0bb024c1722f272488f2b8"},
    {file = "orjson-3.10.10-cp38-none-win32.whl", hash = "sha256:78bee66a988f1a333dc0b6257503d63553b1957889c17b2c4ed72385cd1b96ae"},
    {file = "orjson-3.10.10-cp38-none-win_amd64.whl", hash = "sha256:f1d647ca8d62afeb774340a343c7fc023efacfd3a39f70c798991063f0c681dd"},
    {file = "orjson-3.10.10-cp39-cp39-macosx_10_15_x86_64.macosx_11_0_arm64.macosx_10_15_universal2.whl", hash = "sha256:5a059afddbaa6dd733b5a2d76a90dbc8af790b993b1b5cb97a1176ca713b5df8"},
    {file = "orjson-3.10.10-cp39-cp39-manylinux_2_17_aarch64.manylinux2014_aarch64.whl", hash = "sha256:6f9b5c59f7e2a1a410f971c5ebc68f1995822837cd10905ee255f96074537ee6"},
    {file = "orjson-3.10.10-cp39-cp39-manylinux_2_17_armv7l.manylinux2014_armv7l.whl", hash = "sha256:d5ef198bafdef4aa9d49a4165ba53ffdc0a9e1c7b6f76178572ab33118afea25"},
    {file = "orjson-3.10.10-cp39-cp39-manylinux_2_17_ppc64le.manylinux2014_ppc64le.whl", hash = "sha256:aaf29ce0bb5d3320824ec3d1508652421000ba466abd63bdd52c64bcce9eb1fa"},
    {file = "orjson-3.10.10-cp39-cp39-manylinux_2_17_s390x.manylinux2014_s390x.whl", hash = "sha256:dddd5516bcc93e723d029c1633ae79c4417477b4f57dad9bfeeb6bc0315e654a"},
    {file = "orjson-3.10.10-cp39-cp39-manylinux_2_17_x86_64.manylinux2014_x86_64.whl", hash = "sha256:a12f2003695b10817f0fa8b8fca982ed7f5761dcb0d93cff4f2f9f6709903fd7"},
    {file = "orjson-3.10.10-cp39-cp39-musllinux_1_2_aarch64.whl", hash = "sha256:672f9874a8a8fb9bb1b771331d31ba27f57702c8106cdbadad8bda5d10bc1019"},
    {file = "orjson-3.10.10-cp39-cp39-musllinux_1_2_x86_64.whl", hash = "sha256:1dcbb0ca5fafb2b378b2c74419480ab2486326974826bbf6588f4dc62137570a"},
    {file = "orjson-3.10.10-cp39-none-win32.whl", hash = "sha256:d9bbd3a4b92256875cb058c3381b782649b9a3c68a4aa9a2fff020c2f9cfc1be"},
    {file = "orjson-3.10.10-cp39-none-win_amd64.whl", hash = "sha256:766f21487a53aee8524b97ca9582d5c6541b03ab6210fbaf10142ae2f3ced2aa"},
    {file = "orjson-3.10.10.tar.gz", hash = "sha256:37949383c4df7b4337ce82ee35b6d7471e55195efa7dcb45ab8226ceadb0fe3b"},
]

[[package]]
name = "python-decouple"
version = "3.8"
description = "Strict separation of settings from code."
optional = false
python-versions = "*"
files = [
    {file = "python-decouple-3.8.tar.gz", hash = "sha256:ba6e2657d4f376ecc46f77a3a615e058d93ba5e465c01bbe57289bfb7cce680f"},
    {file = "python_decouple-3.8-py3-none-any.whl", hash = "sha256:d0d45340815b25f4de59c974b855bb38d03151d81b037d9e3f463b0c9f8cbd66"},
]

[[package]]
name = "setuptools"
version = "75.2.0"
description = "Easily download, build, install, upgrade, and uninstall Python packages"
optional = false
python-versions = ">=3.8"
files = [
    {file = "setuptools-75.2.0-py3-none-any.whl", hash = "sha256:a7fcb66f68b4d9e8e66b42f9876150a3371558f98fa32222ffaa5bced76406f8"},
    {file = "setuptools-75.2.0.tar.gz", hash = "sha256:753bb6ebf1f465a1912e19ed1d41f403a79173a9acf66a42e7e6aec45c3c16ec"},
]

[package.extras]
check = ["pytest-checkdocs (>=2.4)", "pytest-ruff (>=0.2.1)", "ruff (>=0.5.2)"]
core = ["importlib-metadata (>=6)", "importlib-resources (>=5.10.2)", "jaraco.collections", "jaraco.functools", "jaraco.text (>=3.7)", "more-itertools", "more-itertools (>=8.8)", "packaging", "packaging (>=24)", "platformdirs (>=2.6.2)", "tomli (>=2.0.1)", "wheel (>=0.43.0)"]
cover = ["pytest-cov"]
doc = ["furo", "jaraco.packaging (>=9.3)", "jaraco.tidelift (>=1.4)", "pygments-github-lexers (==0.0.5)", "pyproject-hooks (!=1.1)", "rst.linker (>=1.9)", "sphinx (>=3.5)", "sphinx-favicon", "sphinx-inline-tabs", "sphinx-lint", "sphinx-notfound-page (>=1,<2)", "sphinx-reredirects", "sphinxcontrib-towncrier", "towncrier (<24.7)"]
enabler = ["pytest-enabler (>=2.2)"]
test = ["build[virtualenv] (>=1.0.3)", "filelock (>=3.4.0)", "ini2toml[lite] (>=0.14)", "jaraco.develop (>=7.21)", "jaraco.envs (>=2.2)", "jaraco.path (>=3.2.0)", "jaraco.test", "packaging (>=23.2)", "pip (>=19.1)", "pyproject-hooks (!=1.1)", "pytest (>=6,!=8.1.*)", "pytest-home (>=0.5)", "pytest-perf", "pytest-subprocess", "pytest-timeout", "pytest-xdist (>=3)", "tomli-w (>=1.0.0)", "virtualenv (>=13.0.0)", "wheel (>=0.44.0)"]
type = ["importlib-metadata (>=7.0.2)", "jaraco.develop (>=7.21)", "mypy (==1.11.*)", "pytest-mypy"]

[[package]]
name = "uvloop"
version = "0.21.0"
description = "Fast implementation of asyncio event loop on top of libuv"
optional = false
python-versions = ">=3.8.0"
files = [
    {file = "uvloop-0.21.0-cp310-cp310-macosx_10_9_universal2.whl", hash = "sha256:ec7e6b09a6fdded42403182ab6b832b71f4edaf7f37a9a0e371a01db5f0cb45f"},
    {file = "uvloop-0.21.0-cp310-cp310-macosx_10_9_x86_64.whl", hash = "sha256:196274f2adb9689a289ad7d65700d37df0c0930fd8e4e743fa4834e850d7719d"},
    {file = "uvloop-0.21.0-cp310-cp310-manylinux_2_17_aarch64.manylinux2014_aarch64.whl", hash = "sha256:f38b2e090258d051d68a5b14d1da7203a3c3677321cf32a95a6f4db4dd8b6f26"},
    {file = "uvloop-0.21.0-cp310-cp310-manylinux_2_17_x86_64.manylinux2014_x86_64.whl", hash = "sha256:87c43e0f13022b998eb9b973b5e97200c8b90823454d4bc06ab33829e09fb9bb"},
    {file = "uvloop-0.21.0-cp310-cp310-musllinux_1_2_aarch64.whl", hash = "sha256:10d66943def5fcb6e7b37310eb6b5639fd2ccbc38df1177262b0640c3ca68c1f"},
    {file = "uvloop-0.21.0-cp310-cp310-musllinux_1_2_x86_64.whl", hash = "sha256:67dd654b8ca23aed0a8e99010b4c34aca62f4b7fce88f39d452ed7622c94845c"},
    {file = "uvloop-0.21.0-cp311-cp311-macosx_10_9_universal2.whl", hash = "sha256:c0f3fa6200b3108919f8bdabb9a7f87f20e7097ea3c543754cabc7d717d95cf8"},
    {file = "uvloop-0.21.0-cp311-cp311-macosx_10_9_x86_64.whl", hash = "sha256:0878c2640cf341b269b7e128b1a5fed890adc4455513ca710d77d5e93aa6d6a0"},
    {file = "uvloop-0.21.0-cp311-cp311-manylinux_2_17_aarch64.manylinux2014_aarch64.whl", hash = "sha256:b9fb766bb57b7388745d8bcc53a359b116b8a04c83a2288069809d2b3466c37e"},
    {file = "uvloop-0.21.0-cp311-cp311-manylinux_2_17_x86_64.manylinux2014_x86_64.whl", hash = "sha256:8a375441696e2eda1c43c44ccb66e04d61ceeffcd76e4929e527b7fa401b90fb"},
    {file = "uvloop-0.21.0-cp311-cp311-musllinux_1_2_aarch64.whl", hash = "sha256:baa0e6291d91649c6ba4ed4b2f982f9fa165b5bbd50a9e203c416a2797bab3c6"},
    {file = "uvloop-0.21.0-cp311-cp311-musllinux_1_2_x86_64.whl", hash = "sha256:4509360fcc4c3bd2c70d87573ad472de40c13387f5fda8cb58350a1d7475e58d"},
    {file = "uvloop-0.21.0-cp312-cp312-macosx_10_13_universal2.whl", hash = "sha256:359ec2c888397b9e592a889c4d72ba3d6befba8b2bb01743f72fffbde663b59c"},
    {file = "uvloop-0.21.0-cp312-cp312-macosx_10_13_x86_64.whl", hash = "sha256:f7089d2dc73179ce5ac255bdf37c236a9f914b264825fdaacaded6990a7fb4c2"},
    {file = "uvloop-0.21.0-cp312-cp312-manylinux_2_17_aarch64.manylinux2014_aarch64.whl", hash = "sha256:baa4dcdbd9ae0a372f2167a207cd98c9f9a1ea1188a8a526431eef2f8116cc8d"},
    {file = "uvloop-0.21.0-cp312-cp312-manylinux_2_17_x86_64.manylinux2014_x86_64.whl", hash = "sha256:86975dca1c773a2c9864f4c52c5a55631038e387b47eaf56210f873887b6c8dc"},
    {file = "uvloop-0.21.0-cp312-cp312-musllinux_1_2_aarch64.whl", hash = "sha256:461d9ae6660fbbafedd07559c6a2e57cd553b34b0065b6550685f6653a98c1cb"},
    {file = "uvloop-0.21.0-cp312-cp312-musllinux_1_2_x86_64.whl", hash = "sha256:183aef7c8730e54c9a3ee3227464daed66e37ba13040bb3f350bc2ddc040f22f"},
    {file = "uvloop-0.21.0-cp313-cp313-macosx_10_13_universal2.whl", hash = "sha256:bfd55dfcc2a512316e65f16e503e9e450cab148ef11df4e4e679b5e8253a5281"},
    {file = "uvloop-0.21.0-cp313-cp313-macosx_10_13_x86_64.whl", hash = "sha256:787ae31ad8a2856fc4e7c095341cccc7209bd657d0e71ad0dc2ea83c4a6fa8af"},
    {file = "uvloop-0.21.0-cp313-cp313-manylinux_2_17_aarch64.manylinux2014_aarch64.whl", hash = "sha256:5ee4d4ef48036ff6e5cfffb09dd192c7a5027153948d85b8da7ff705065bacc6"},
    {file = "uvloop-0.21.0-cp313-cp313-manylinux_2_17_x86_64.manylinux2014_x86_64.whl", hash = "sha256:f3df876acd7ec037a3d005b3ab85a7e4110422e4d9c1571d4fc89b0fc41b6816"},
    {file = "uvloop-0.21.0-cp313-cp313-musllinux_1_2_aarch64.whl", hash = "sha256:bd53ecc9a0f3d87ab847503c2e1552b690362e005ab54e8a48ba97da3924c0dc"},
    {file = "uvloop-0.21.0-cp313-cp313-musllinux_1_2_x86_64.whl", hash = "sha256:a5c39f217ab3c663dc699c04cbd50c13813e31d917642d459fdcec07555cc553"},
    {file = "uvloop-0.21.0-cp38-cp38-macosx_10_9_universal2.whl", hash = "sha256:17df489689befc72c39a08359efac29bbee8eee5209650d4b9f34df73d22e414"},
    {file = "uvloop-0.21.0-cp38-cp38-macosx_10_9_x86_64.whl", hash = "sha256:bc09f0ff191e61c2d592a752423c767b4ebb2986daa9ed62908e2b1b9a9ae206"},
    {file = "uvloop-0.21.0-cp38-cp38-manylinux_2_17_aarch64.manylinux2014_aarch64.whl", hash = "sha256:f0ce1b49560b1d2d8a2977e3ba4afb2414fb46b86a1b64056bc4ab929efdafbe"},
    {file = "uvloop-0.21.0-cp38-cp38-manylinux_2_17_x86_64.manylinux2014_x86_64.whl", hash = "sha256:e678ad6fe52af2c58d2ae3c73dc85524ba8abe637f134bf3564ed07f555c5e79"},
    {file = "uvloop-0.21.0-cp38-cp38-musllinux_1_2_aarch64.whl", hash = "sha256:460def4412e473896ef179a1671b40c039c7012184b627898eea5072ef6f017a"},
    {file = "uvloop-0.21.0-cp38-cp38-musllinux_1_2_x86_64.whl", hash = "sha256:10da8046cc4a8f12c91a1c39d1dd1585c41162a15caaef165c2174db9ef18bdc"},
    {file = "uvloop-0.21.0-cp39-cp39-macosx_10_9_universal2.whl", hash = "sha256:c097078b8031190c934ed0ebfee8cc5f9ba9642e6eb88322b9958b649750f72b"},
    {file = "uvloop-0.21.0-cp39-cp39-macosx_10_9_x86_64.whl", hash = "sha256:46923b0b5ee7fc0020bef24afe7836cb068f5050ca04caf6b487c513dc1a20b2"},
    {file = "uvloop-0.21.0-cp39-cp39-manylinux_2_17_aarch64.manylinux2014_aarch64.whl", hash = "sha256:53e420a3afe22cdcf2a0f4846e377d16e718bc70103d7088a4f7623567ba5fb0"},
    {file = "uvloop-0.21.0-cp39-cp39-manylinux_2_17_x86_64.manylinux2014_x86_64.whl", hash = "sha256:88cb67cdbc0e483da00af0b2c3cdad4b7c61ceb1ee0f33fe00e09c81e3a6cb75"},
    {file = "uvloop-0.21.0-cp39-cp39-musllinux_1_2_aarch64.whl", hash = "sha256:221f4f2a1f46032b403bf3be628011caf75428ee3cc204a22addf96f586b19fd"},
    {file = "uvloop-0.21.0-cp39-cp39-musllinux_1_2_x86_64.whl", hash = "sha256:2d1f581393673ce119355d56da84fe1dd9d2bb8b3d13ce792524e1607139feff"},
    {file = "uvloop-0.21.0.tar.gz", hash = "sha256:3bf12b0fda68447806a7ad847bfa591613177275d35b6724b1ee573faa3704e3"},
]

[package.extras]
dev = ["Cython (>=3.0,<4.0)", "setuptools (>=60)"]
docs = ["Sphinx (>=4.1.2,<4.2.0)", "sphinx-rtd-theme (>=0.5.2,<0.6.0)", "sphinxcontrib-asyncio (>=0.3.0,<0.4.0)"]
test = ["aiohttp (>=3.10.5)", "flake8 (>=5.0,<6.0)", "mypy (>=0.800)", "psutil", "pyOpenSSL (>=23.0.0,<23.1.0)", "pycodestyle (>=2.9.0,<2.10.0)"]

[[package]]
name = "win32-setctime"
version = "1.1.0"
description = "A small Python utility to set file creation time on Windows"
optional = false
python-versions = ">=3.5"
files = [
    {file = "win32_setctime-1.1.0-py3-none-any.whl", hash = "sha256:231db239e959c2fe7eb1d7dc129f11172354f98361c4fa2d6d2d7e278baa8aad"},
    {file = "win32_setctime-1.1.0.tar.gz", hash = "sha256:15cf5750465118d6929ae4de4eb46e8edae9a5634350c01ba582df868e932cb2"},
]

[package.extras]
dev = ["black (>=19.3b0)", "pytest (>=4.6.2)"]

[metadata]
lock-version = "2.0"
python-versions = "^3.12"
content-hash = "6257e6e99433dfb042a177b749e1e6841c42ab841748d955253254f8515d12ac"
